Microsoft Visual Studio Solution File, Format Version 11.00
# Visual Studio 2008

Project("{1ED29C47-AC31-CE1A-D2C5-ACC489DA4C4F}") = "ImaginaryUnity", "Assembly-CSharp-firstpass.csproj", "{0793F1FB-3057-6169-999F-882CEDBD6A5A}"
EndProject
Project("{1ED29C47-AC31-CE1A-D2C5-ACC489DA4C4F}") = "ImaginaryUnity", "Assembly-CSharp.csproj", "{97957989-187C-E822-0B6E-F93073DB86B4}"
EndProject
Project("{1ED29C47-AC31-CE1A-D2C5-ACC489DA4C4F}") = "ImaginaryUnity", "Assembly-CSharp-Editor.csproj", "{7EA37DF3-1230-0623-A477-AAF37A1FAEDF}"
EndProject
Global
	GlobalSection(SolutionConfigurationPlatforms) = preSolution
		Debug|Any CPU = Debug|Any CPU
		Release|Any CPU = Release|Any CPU
	EndGlobalSection
	GlobalSection(ProjectConfigurationPlatforms) = postSolution
		{0793F1FB-3057-6169-999F-882CEDBD6A5A}.Debug|Any CPU.ActiveCfg = Debug|Any CPU
		{0793F1FB-3057-6169-999F-882CEDBD6A5A}.Debug|Any CPU.Build.0 = Debug|Any CPU
		{0793F1FB-3057-6169-999F-882CEDBD6A5A}.Release|Any CPU.ActiveCfg = Release|Any CPU
		{0793F1FB-3057-6169-999F-882CEDBD6A5A}.Release|Any CPU.Build.0 = Release|Any CPU
		{97957989-187C-E822-0B6E-F93073DB86B4}.Debug|Any CPU.ActiveCfg = Debug|Any CPU
		{97957989-187C-E822-0B6E-F93073DB86B4}.Debug|Any CPU.Build.0 = Debug|Any CPU
		{97957989-187C-E822-0B6E-F93073DB86B4}.Release|Any CPU.ActiveCfg = Release|Any CPU
		{97957989-187C-E822-0B6E-F93073DB86B4}.Release|Any CPU.Build.0 = Release|Any CPU
		{7EA37DF3-1230-0623-A477-AAF37A1FAEDF}.Debug|Any CPU.ActiveCfg = Debug|Any CPU
		{7EA37DF3-1230-0623-A477-AAF37A1FAEDF}.Debug|Any CPU.Build.0 = Debug|Any CPU
		{7EA37DF3-1230-0623-A477-AAF37A1FAEDF}.Release|Any CPU.ActiveCfg = Release|Any CPU
		{7EA37DF3-1230-0623-A477-AAF37A1FAEDF}.Release|Any CPU.Build.0 = Release|Any CPU
	EndGlobalSection
	GlobalSection(SolutionProperties) = preSolution
		HideSolutionNode = FALSE
	EndGlobalSection
	GlobalSection(MonoDevelopProperties) = preSolution
		StartupItem = Assembly-CSharp.csproj
	EndGlobalSection
EndGlobal
